{
  "name": "backend",
  "lockfileVersion": 3,
  "requires": true,
  "packages": {
    "": {
      "dependencies": {
        "@aws-sdk/s3-request-presigner": "^3.1024.0"
      }
    },
    "node_modules/@aws-sdk/core": {
      "version": "3.973.26",
      "resolved": "https://registry.npmjs.org/@aws-sdk/core/-/core-3.973.26.tgz",
      "integrity": "sha512-A/E6n2W42ruU+sfWk+mMUOyVXbsSgGrY3MJ9/0Az5qUdG67y8I6HYzzoAa+e/lzxxl1uCYmEL6BTMi9ZiZnplQ==",
      "license": "Apache-2.0",
      "dependencies": {
        "@aws-sdk/types": "^3.973.6",
        "@aws-sdk/xml-builder": "^3.972.16",
        "@smithy/core": "^3.23.13",
        "@smithy/node-config-provider": "^4.3.12",
        "@smithy/property-provider": "^4.2.12",
        "@smithy/protocol-http": "^5.3.12",
        "@smithy/signature-v4": "^5.3.12",
        "@smithy/smithy-client": "^4.12.8",
        "@smithy/types": "^4.13.1",
        "@smithy/util-base64": "^4.3.2",
        "@smithy/util-middleware": "^4.2.12",
        "@smithy/util-utf8": "^4.2.2",
        "tslib": "^2.6.2"
      },
      "engines": {
        "node": ">=20.0.0"
      }
    },
    "node_modules/@aws-sdk/middleware-sdk-s3": {
      "version": "3.972.27",
      "resolved": "https://registry.npmjs.org/@aws-sdk/middleware-sdk-s3/-/middleware-sdk-s3-3.972.27.tgz",
      "integrity": "sha512-gomO6DZwx+1D/9mbCpcqO5tPBqYBK7DtdgjTIjZ4yvfh/S7ETwAPS0XbJgP2JD8Ycr5CwVrEkV1sFtu3ShXeOw==",
      "license": "Apache-2.0",
      "dependencies": {
        "@aws-sdk/core": "^3.973.26",
        "@aws-sdk/types": "^3.973.6",
        "@aws-sdk/util-arn-parser": "^3.972.3",
        "@smithy/core": "^3.23.13",
        "@smithy/node-config-provider": "^4.3.12",
        "@smithy/protocol-http": "^5.3.12",
        "@smithy/signature-v4": "^5.3.12",
        "@smithy/smithy-client": "^4.12.8",
        "@smithy/types": "^4.13.1",
        "@smithy/util-config-provider": "^4.2.2",
        "@smithy/util-middleware": "^4.2.12",
        "@smithy/util-stream": "^4.5.21",
        "@smithy/util-utf8": "^4.2.2",
        "tslib": "^2.6.2"
      },
      "engines": {
        "node": ">=20.0.0"
      }
    },
    "node_modules/@aws-sdk/s3-request-presigner": {
      "version": "3.1024.0",
      "resolved": "https://registry.npmjs.org/@aws-sdk/s3-request-presigner/-/s3-request-presigner-3.1024.0.tgz",
      "integrity": "sha512-KNoGsXnTfBxPqrtV2Owd4mrLnhTHRsOz6Hdaz+As5czGMQuPchoRvG1BJzn2NFRGLt/HSJAXVn+G6IhtRIDe+Q==",
      "license": "Apache-2.0",
      "dependencies": {
        "@aws-sdk/signature-v4-multi-region": "^3.996.15",
        "@aws-sdk/types": "^3.973.6",
        "@aws-sdk/util-format-url": "^3.972.8",
        "@smithy/middleware-endpoint": "^4.4.28",
        "@smithy/protocol-http": "^5.3.12",
        "@smithy/smithy-client": "^4.12.8",
        "@smithy/types": "^4.13.1",
        "tslib": "^2.6.2"
      },
      "engines": {
        "node": ">=20.0.0"
      }
    },
    "node_modules/@aws-sdk/signature-v4-multi-region": {
      "version": "3.996.15",
      "resolved": "https://registry.npmjs.org/@aws-sdk/signature-v4-multi-region/-/signature-v4-multi-region-3.996.15.tgz",
      "integrity": "sha512-Ukw2RpqvaL96CjfH/FgfBmy/ZosHBqoHBCFsN61qGg99F33vpntIVii8aNeh65XuOja73arSduskoa4OJea9RQ==",
      "license": "Apache-2.0",
      "dependencies": {
        "@aws-sdk/middleware-sdk-s3": "^3.972.27",
        "@aws-sdk/types": "^3.973.6",
        "@smithy/protocol-http": "^5.3.12",
        "@smithy/signature-v4": "^5.3.12",
        "@smithy/types": "^4.13.1",
        "tslib": "^2.6.2"
      },
      "engines": {
        "node": ">=20.0.0"
      }
    },
    "node_modules/@aws-sdk/types": {
      "version": "3.973.6",
      "resolved": "https://registry.npmjs.org/@aws-sdk/types/-/types-3.973.6.tgz",
      "integrity": "sha512-Atfcy4E++beKtwJHiDln2Nby8W/mam64opFPTiHEqgsthqeydFS1pY+OUlN1ouNOmf8ArPU/6cDS65anOP3KQw==",
      "license": "Apache-2.0",
      "dependencies": {
        "@smithy/types": "^4.13.1",
        "tslib": "^2.6.2"
      },
      "engines": {
        "node": ">=20.0.0"
      }
    },
    "node_modules/@aws-sdk/util-arn-parser": {
      "version": "3.972.3",
      "resolved": "https://registry.npmjs.org/@aws-sdk/util-arn-parser/-/util-arn-parser-3.972.3.tgz",
      "integrity": "sha512-HzSD8PMFrvgi2Kserxuff5VitNq2sgf3w9qxmskKDiDTThWfVteJxuCS9JXiPIPtmCrp+7N9asfIaVhBFORllA==",
      "license": "Apache-2.0",
      "dependencies": {
        "tslib": "^2.6.2"
      },
      "engines": {
        "node": ">=20.0.0"
      }
    },
    "node_modules/@aws-sdk/util-format-url": {
      "version": "3.972.8",
      "resolved": "https://registry.npmjs.org/@aws-sdk/util-format-url/-/util-format-url-3.972.8.tgz",
      "integrity": "sha512-J6DS9oocrgxM8xlUTTmQOuwRF6rnAGEujAN9SAzllcrQmwn5iJ58ogxy3SEhD0Q7JZvlA5jvIXBkpQRqEqlE9A==",
      "license": "Apache-2.0",
      "dependencies": {
        "@aws-sdk/types": "^3.973.6",
        "@smithy/querystring-builder": "^4.2.12",
        "@smithy/types": "^4.13.1",
        "tslib": "^2.6.2"
      },
      "engines": {
        "node": ">=20.0.0"
      }
    },
    "node_modules/@aws-sdk/xml-builder": {
      "version": "3.972.16",
      "resolved": "https://registry.npmjs.org/@aws-sdk/xml-builder/-/xml-builder-3.972.16.tgz",
      "integrity": "sha512-iu2pyvaqmeatIJLURLqx9D+4jKAdTH20ntzB6BFwjyN7V960r4jK32mx0Zf7YbtOYAbmbtQfDNuL60ONinyw7A==",
      "license": "Apache-2.0",
      "dependencies": {
        "@smithy/types": "^4.13.1",
        "fast-xml-parser": "5.5.8",
        "tslib": "^2.6.2"
      },
      "engines": {
        "node": ">=20.0.0"
      }
    },
    "node_modules/@smithy/core": {
      "version": "3.23.13",
      "resolved": "https://registry.npmjs.org/@smithy/core/-/core-3.23.13.tgz",
      "integrity": "sha512-J+2TT9D6oGsUVXVEMvz8h2EmdVnkBiy2auCie4aSJMvKlzUtO5hqjEzXhoCUkIMo7gAYjbQcN0g/MMSXEhDs1Q==",
      "license": "Apache-2.0",
      "dependencies": {
        "@smithy/protocol-http": "^5.3.12",
        "@smithy/types": "^4.13.1",
        "@smithy/url-parser": "^4.2.12",
        "@smithy/util-base64": "^4.3.2",
        "@smithy/util-body-length-browser": "^4.2.2",
        "@smithy/util-middleware": "^4.2.12",
        "@smithy/util-stream": "^4.5.21",
        "@smithy/util-utf8": "^4.2.2",
        "@smithy/uuid": "^1.1.2",
        "tslib": "^2.6.2"
      },
      "engines": {
        "node": ">=18.0.0"
      }
    },
    "node_modules/@smithy/fetch-http-handler": {
      "version": "5.3.15",
      "resolved": "https://registry.npmjs.org/@smithy/fetch-http-handler/-/fetch-http-handler-5.3.15.tgz",
      "integrity": "sha512-T4jFU5N/yiIfrtrsb9uOQn7RdELdM/7HbyLNr6uO/mpkj1ctiVs7CihVr51w4LyQlXWDpXFn4BElf1WmQvZu/A==",
      "license": "Apache-2.0",
      "dependencies": {
        "@smithy/protocol-http": "^5.3.12",
        "@smithy/querystring-builder": "^4.2.12",
        "@smithy/types": "^4.13.1",
        "@smithy/util-base64": "^4.3.2",
        "tslib": "^2.6.2"
      },
      "engines": {
        "node": ">=18.0.0"
      }
    },
    "node_modules/@smithy/is-array-buffer": {
      "version": "4.2.2",
      "resolved": "https://registry.npmjs.org/@smithy/is-array-buffer/-/is-array-buffer-4.2.2.tgz",
      "integrity": "sha512-n6rQ4N8Jj4YTQO3YFrlgZuwKodf4zUFs7EJIWH86pSCWBaAtAGBFfCM7Wx6D2bBJ2xqFNxGBSrUWswT3M0VJow==",
      "license": "Apache-2.0",
      "dependencies": {
        "tslib": "^2.6.2"
      },
      "engines": {
        "node": ">=18.0.0"
      }
    },
    "node_modules/@smithy/middleware-endpoint": {
      "version": "4.4.28",
      "resolved": "https://registry.npmjs.org/@smithy/middleware-endpoint/-/middleware-endpoint-4.4.28.tgz",
      "integrity": "sha512-p1gfYpi91CHcs5cBq982UlGlDrxoYUX6XdHSo91cQ2KFuz6QloHosO7Jc60pJiVmkWrKOV8kFYlGFFbQ2WUKKQ==",
      "license": "Apache-2.0",
      "dependencies": {
        "@smithy/core": "^3.23.13",
        "@smithy/middleware-serde": "^4.2.16",
        "@smithy/node-config-provider": "^4.3.12",
        "@smithy/shared-ini-file-loader": "^4.4.7",
        "@smithy/types": "^4.13.1",
        "@smithy/url-parser": "^4.2.12",
        "@smithy/util-middleware": "^4.2.12",
        "tslib": "^2.6.2"
      },
      "engines": {
        "node": ">=18.0.0"
      }
    },
    "node_modules/@smithy/middleware-serde": {
      "version": "4.2.16",
      "resolved": "https://registry.npmjs.org/@smithy/middleware-serde/-/middleware-serde-4.2.16.tgz",
      "integrity": "sha512-beqfV+RZ9RSv+sQqor3xroUUYgRFCGRw6niGstPG8zO9LgTl0B0MCucxjmrH/2WwksQN7UUgI7KNANoZv+KALA==",
      "license": "Apache-2.0",
      "dependencies": {
        "@smithy/core": "^3.23.13",
        "@smithy/protocol-http": "^5.3.12",
        "@smithy/types": "^4.13.1",
        "tslib": "^2.6.2"
      },
      "engines": {
        "node": ">=18.0.0"
      }
    },
    "node_modules/@smithy/middleware-stack": {
      "version": "4.2.12",
      "resolved": "https://registry.npmjs.org/@smithy/middleware-stack/-/middleware-stack-4.2.12.tgz",
      "integrity": "sha512-kruC5gRHwsCOuyCd4ouQxYjgRAym2uDlCvQ5acuMtRrcdfg7mFBg6blaxcJ09STpt3ziEkis6bhg1uwrWU7txw==",
      "license": "Apache-2.0",
      "dependencies": {
        "@smithy/types": "^4.13.1",
        "tslib": "^2.6.2"
      },
      "engines": {
        "node": ">=18.0.0"
      }
    },
    "node_modules/@smithy/node-config-provider": {
      "version": "4.3.12",
      "resolved": "https://registry.npmjs.org/@smithy/node-config-provider/-/node-config-provider-4.3.12.tgz",
      "integrity": "sha512-tr2oKX2xMcO+rBOjobSwVAkV05SIfUKz8iI53rzxEmgW3GOOPOv0UioSDk+J8OpRQnpnhsO3Af6IEBabQBVmiw==",
      "license": "Apache-2.0",
      "dependencies": {
        "@smithy/property-provider": "^4.2.12",
        "@smithy/shared-ini-file-loader": "^4.4.7",
        "@smithy/types": "^4.13.1",
        "tslib": "^2.6.2"
      },
      "engines": {
        "node": ">=18.0.0"
      }
    },
    "node_modules/@smithy/node-http-handler": {
      "version": "4.5.1",
      "resolved": "https://registry.npmjs.org/@smithy/node-http-handler/-/node-http-handler-4.5.1.tgz",
      "integrity": "sha512-ejjxdAXjkPIs9lyYyVutOGNOraqUE9v/NjGMKwwFrfOM354wfSD8lmlj8hVwUzQmlLLF4+udhfCX9Exnbmvfzw==",
      "license": "Apache-2.0",
      "dependencies": {
        "@smithy/protocol-http": "^5.3.12",
        "@smithy/querystring-builder": "^4.2.12",
        "@smithy/types": "^4.13.1",
        "tslib": "^2.6.2"
      },
      "engines": {
        "node": ">=18.0.0"
      }
    },
    "node_modules/@smithy/property-provider": {
      "version": "4.2.12",
      "resolved": "https://registry.npmjs.org/@smithy/property-provider/-/property-provider-4.2.12.tgz",
      "integrity": "sha512-jqve46eYU1v7pZ5BM+fmkbq3DerkSluPr5EhvOcHxygxzD05ByDRppRwRPPpFrsFo5yDtCYLKu+kreHKVrvc7A==",
      "license": "Apache-2.0",
      "dependencies": {
        "@smithy/types": "^4.13.1",
        "tslib": "^2.6.2"
      },
      "engines": {
        "node": ">=18.0.0"
      }
    },
    "node_modules/@smithy/protocol-http": {
      "version": "5.3.12",
      "resolved": "https://registry.npmjs.org/@smithy/protocol-http/-/protocol-http-5.3.12.tgz",
      "integrity": "sha512-fit0GZK9I1xoRlR4jXmbLhoN0OdEpa96ul8M65XdmXnxXkuMxM0Y8HDT0Fh0Xb4I85MBvBClOzgSrV1X2s1Hxw==",
      "license": "Apache-2.0",
      "dependencies": {
        "@smithy/types": "^4.13.1",
        "tslib": "^2.6.2"
      },
      "engines": {
        "node": ">=18.0.0"
      }
    },
    "node_modules/@smithy/querystring-builder": {
      "version": "4.2.12",
      "resolved": "https://registry.npmjs.org/@smithy/querystring-builder/-/querystring-builder-4.2.12.tgz",
      "integrity": "sha512-6wTZjGABQufekycfDGMEB84BgtdOE/rCVTov+EDXQ8NHKTUNIp/j27IliwP7tjIU9LR+sSzyGBOXjeEtVgzCHg==",
      "license": "Apache-2.0",
      "dependencies": {
        "@smithy/types": "^4.13.1",
        "@smithy/util-uri-escape": "^4.2.2",
        "tslib": "^2.6.2"
      },
      "engines": {
        "node": ">=18.0.0"
      }
    },
    "node_modules/@smithy/querystring-parser": {
      "version": "4.2.12",
      "resolved": "https://registry.npmjs.org/@smithy/querystring-parser/-/querystring-parser-4.2.12.tgz",
      "integrity": "sha512-P2OdvrgiAKpkPNKlKUtWbNZKB1XjPxM086NeVhK+W+wI46pIKdWBe5QyXvhUm3MEcyS/rkLvY8rZzyUdmyDZBw==",
      "license": "Apache-2.0",
      "dependencies": {
        "@smithy/types": "^4.13.1",
        "tslib": "^2.6.2"
      },
      "engines": {
        "node": ">=18.0.0"
      }
    },
    "node_modules/@smithy/shared-ini-file-loader": {
      "version": "4.4.7",
      "resolved": "https://registry.npmjs.org/@smithy/shared-ini-file-loader/-/shared-ini-file-loader-4.4.7.tgz",
      "integrity": "sha512-HrOKWsUb+otTeo1HxVWeEb99t5ER1XrBi/xka2Wv6NVmTbuCUC1dvlrksdvxFtODLBjsC+PHK+fuy2x/7Ynyiw==",
      "license": "Apache-2.0",
      "dependencies": {
        "@smithy/types": "^4.13.1",
        "tslib": "^2.6.2"
      },
      "engines": {
        "node": ">=18.0.0"
      }
    },
    "node_modules/@smithy/signature-v4": {
      "version": "5.3.12",
      "resolved": "https://registry.npmjs.org/@smithy/signature-v4/-/signature-v4-5.3.12.tgz",
      "integrity": "sha512-B/FBwO3MVOL00DaRSXfXfa/TRXRheagt/q5A2NM13u7q+sHS59EOVGQNfG7DkmVtdQm5m3vOosoKAXSqn/OEgw==",
      "license": "Apache-2.0",
      "dependencies": {
        "@smithy/is-array-buffer": "^4.2.2",
        "@smithy/protocol-http": "^5.3.12",
        "@smithy/types": "^4.13.1",
        "@smithy/util-hex-encoding": "^4.2.2",
        "@smithy/util-middleware": "^4.2.12",
        "@smithy/util-uri-escape": "^4.2.2",
        "@smithy/util-utf8": "^4.2.2",
        "tslib": "^2.6.2"
      },
      "engines": {
        "node": ">=18.0.0"
      }
    },
    "node_modules/@smithy/smithy-client": {
      "version": "4.12.8",
      "resolved": "https://registry.npmjs.org/@smithy/smithy-client/-/smithy-client-4.12.8.tgz",
      "integrity": "sha512-aJaAX7vHe5i66smoSSID7t4rKY08PbD8EBU7DOloixvhOozfYWdcSYE4l6/tjkZ0vBZhGjheWzB2mh31sLgCMA==",
      "license": "Apache-2.0",
      "dependencies": {
        "@smithy/core": "^3.23.13",
        "@smithy/middleware-endpoint": "^4.4.28",
        "@smithy/middleware-stack": "^4.2.12",
        "@smithy/protocol-http": "^5.3.12",
        "@smithy/types": "^4.13.1",
        "@smithy/util-stream": "^4.5.21",
        "tslib": "^2.6.2"
      },
      "engines": {
        "node": ">=18.0.0"
      }
    },
    "node_modules/@smithy/types": {
      "version": "4.13.1",
      "resolved": "https://registry.npmjs.org/@smithy/types/-/types-4.13.1.tgz",
      "integrity": "sha512-787F3yzE2UiJIQ+wYW1CVg2odHjmaWLGksnKQHUrK/lYZSEcy1msuLVvxaR/sI2/aDe9U+TBuLsXnr3vod1g0g==",
      "license": "Apache-2.0",
      "dependencies": {
        "tslib": "^2.6.2"
      },
      "engines": {
        "node": ">=18.0.0"
      }
    },
    "node_modules/@smithy/url-parser": {
      "version": "4.2.12",
      "resolved": "https://registry.npmjs.org/@smithy/url-parser/-/url-parser-4.2.12.tgz",
      "integrity": "sha512-wOPKPEpso+doCZGIlr+e1lVI6+9VAKfL4kZWFgzVgGWY2hZxshNKod4l2LXS3PRC9otH/JRSjtEHqQ/7eLciRA==",
      "license": "Apache-2.0",
      "dependencies": {
        "@smithy/querystring-parser": "^4.2.12",
        "@smithy/types": "^4.13.1",
        "tslib": "^2.6.2"
      },
      "engines": {
        "node": ">=18.0.0"
      }
    },
    "node_modules/@smithy/util-base64": {
      "version": "4.3.2",
      "resolved": "https://registry.npmjs.org/@smithy/util-base64/-/util-base64-4.3.2.tgz",
      "integrity": "sha512-XRH6b0H/5A3SgblmMa5ErXQ2XKhfbQB+Fm/oyLZ2O2kCUrwgg55bU0RekmzAhuwOjA9qdN5VU2BprOvGGUkOOQ==",
      "license": "Apache-2.0",
      "dependencies": {
        "@smithy/util-buffer-from": "^4.2.2",
        "@smithy/util-utf8": "^4.2.2",
        "tslib": "^2.6.2"
      },
      "engines": {
        "node": ">=18.0.0"
      }
    },
    "node_modules/@smithy/util-body-length-browser": {
      "version": "4.2.2",
      "resolved": "https://registry.npmjs.org/@smithy/util-body-length-browser/-/util-body-length-browser-4.2.2.tgz",
      "integrity": "sha512-JKCrLNOup3OOgmzeaKQwi4ZCTWlYR5H4Gm1r2uTMVBXoemo1UEghk5vtMi1xSu2ymgKVGW631e2fp9/R610ZjQ==",
      "license": "Apache-2.0",
      "dependencies": {
        "tslib": "^2.6.2"
      },
      "engines": {
        "node": ">=18.0.0"
      }
    },
    "node_modules/@smithy/util-buffer-from": {
      "version": "4.2.2",
      "resolved": "https://registry.npmjs.org/@smithy/util-buffer-from/-/util-buffer-from-4.2.2.tgz",
      "integrity": "sha512-FDXD7cvUoFWwN6vtQfEta540Y/YBe5JneK3SoZg9bThSoOAC/eGeYEua6RkBgKjGa/sz6Y+DuBZj3+YEY21y4Q==",
      "license": "Apache-2.0",
      "dependencies": {
        "@smithy/is-array-buffer": "^4.2.2",
        "tslib": "^2.6.2"
      },
      "engines": {
        "node": ">=18.0.0"
      }
    },
    "node_modules/@smithy/util-config-provider": {
      "version": "4.2.2",
      "resolved": "https://registry.npmjs.org/@smithy/util-config-provider/-/util-config-provider-4.2.2.tgz",
      "integrity": "sha512-dWU03V3XUprJwaUIFVv4iOnS1FC9HnMHDfUrlNDSh4315v0cWyaIErP8KiqGVbf5z+JupoVpNM7ZB3jFiTejvQ==",
      "license": "Apache-2.0",
      "dependencies": {
        "tslib": "^2.6.2"
      },
      "engines": {
        "node": ">=18.0.0"
      }
    },
    "node_modules/@smithy/util-hex-encoding": {
      "version": "4.2.2",
      "resolved": "https://registry.npmjs.org/@smithy/util-hex-encoding/-/util-hex-encoding-4.2.2.tgz",
      "integrity": "sha512-Qcz3W5vuHK4sLQdyT93k/rfrUwdJ8/HZ+nMUOyGdpeGA1Wxt65zYwi3oEl9kOM+RswvYq90fzkNDahPS8K0OIg==",
      "license": "Apache-2.0",
      "dependencies": {
        "tslib": "^2.6.2"
      },
      "engines": {
        "node": ">=18.0.0"
      }
    },
    "node_modules/@smithy/util-middleware": {
      "version": "4.2.12",
      "resolved": "https://registry.npmjs.org/@smithy/util-middleware/-/util-middleware-4.2.12.tgz",
      "integrity": "sha512-Er805uFUOvgc0l8nv0e0su0VFISoxhJ/AwOn3gL2NWNY2LUEldP5WtVcRYSQBcjg0y9NfG8JYrCJaYDpupBHJQ==",
      "license": "Apache-2.0",
      "dependencies": {
        "@smithy/types": "^4.13.1",
        "tslib": "^2.6.2"
      },
      "engines": {
        "node": ">=18.0.0"
      }
    },
    "node_modules/@smithy/util-stream": {
      "version": "4.5.21",
      "resolved": "https://registry.npmjs.org/@smithy/util-stream/-/util-stream-4.5.21.tgz",
      "integrity": "sha512-KzSg+7KKywLnkoKejRtIBXDmwBfjGvg1U1i/etkC7XSWUyFCoLno1IohV2c74IzQqdhX5y3uE44r/8/wuK+A7Q==",
      "license": "Apache-2.0",
      "dependencies": {
        "@smithy/fetch-http-handler": "^5.3.15",
        "@smithy/node-http-handler": "^4.5.1",
        "@smithy/types": "^4.13.1",
        "@smithy/util-base64": "^4.3.2",
        "@smithy/util-buffer-from": "^4.2.2",
        "@smithy/util-hex-encoding": "^4.2.2",
        "@smithy/util-utf8": "^4.2.2",
        "tslib": "^2.6.2"
      },
      "engines": {
        "node": ">=18.0.0"
      }
    },
    "node_modules/@smithy/util-uri-escape": {
      "version": "4.2.2",
      "resolved": "https://registry.npmjs.org/@smithy/util-uri-escape/-/util-uri-escape-4.2.2.tgz",
      "integrity": "sha512-2kAStBlvq+lTXHyAZYfJRb/DfS3rsinLiwb+69SstC9Vb0s9vNWkRwpnj918Pfi85mzi42sOqdV72OLxWAISnw==",
      "license": "Apache-2.0",
      "dependencies": {
        "tslib": "^2.6.2"
      },
      "engines": {
        "node": ">=18.0.0"
      }
    },
    "node_modules/@smithy/util-utf8": {
      "version": "4.2.2",
      "resolved": "https://registry.npmjs.org/@smithy/util-utf8/-/util-utf8-4.2.2.tgz",
      "integrity": "sha512-75MeYpjdWRe8M5E3AW0O4Cx3UadweS+cwdXjwYGBW5h/gxxnbeZ877sLPX/ZJA9GVTlL/qG0dXP29JWFCD1Ayw==",
      "license": "Apache-2.0",
      "dependencies": {
        "@smithy/util-buffer-from": "^4.2.2",
        "tslib": "^2.6.2"
      },
      "engines": {
        "node": ">=18.0.0"
      }
    },
    "node_modules/@smithy/uuid": {
      "version": "1.1.2",
      "resolved": "https://registry.npmjs.org/@smithy/uuid/-/uuid-1.1.2.tgz",
      "integrity": "sha512-O/IEdcCUKkubz60tFbGA7ceITTAJsty+lBjNoorP4Z6XRqaFb/OjQjZODophEcuq68nKm6/0r+6/lLQ+XVpk8g==",
      "license": "Apache-2.0",
      "dependencies": {
        "tslib": "^2.6.2"
      },
      "engines": {
        "node": ">=18.0.0"
      }
    },
    "node_modules/fast-xml-builder": {
      "version": "1.1.4",
      "resolved": "https://registry.npmjs.org/fast-xml-builder/-/fast-xml-builder-1.1.4.tgz",
      "integrity": "sha512-f2jhpN4Eccy0/Uz9csxh3Nu6q4ErKxf0XIsasomfOihuSUa3/xw6w8dnOtCDgEItQFJG8KyXPzQXzcODDrrbOg==",
      "funding": [
        {
          "type": "github",
          "url": "https://github.com/sponsors/NaturalIntelligence"
        }
      ],
      "license": "MIT",
      "dependencies": {
        "path-expression-matcher": "^1.1.3"
      }
    },
    "node_modules/fast-xml-parser": {
      "version": "5.5.8",
      "resolved": "https://registry.npmjs.org/fast-xml-parser/-/fast-xml-parser-5.5.8.tgz",
      "integrity": "sha512-Z7Fh2nVQSb2d+poDViM063ix2ZGt9jmY1nWhPfHBOK2Hgnb/OW3P4Et3P/81SEej0J7QbWtJqxO05h8QYfK7LQ==",
      "funding": [
        {
          "type": "github",
          "url": "https://github.com/sponsors/NaturalIntelligence"
        }
      ],
      "license": "MIT",
      "dependencies": {
        "fast-xml-builder": "^1.1.4",
        "path-expression-matcher": "^1.2.0",
        "strnum": "^2.2.0"
      },
      "bin": {
        "fxparser": "src/cli/cli.js"
      }
    },
    "node_modules/path-expression-matcher": {
      "version": "1.2.1",
      "resolved": "https://registry.npmjs.org/path-expression-matcher/-/path-expression-matcher-1.2.1.tgz",
      "integrity": "sha512-d7gQQmLvAKXKXE2GeP9apIGbMYKz88zWdsn/BN2HRWVQsDFdUY36WSLTY0Jvd4HWi7Fb30gQ62oAOzdgJA6fZw==",
      "funding": [
        {
          "type": "github",
          "url": "https://github.com/sponsors/NaturalIntelligence"
        }
      ],
      "license": "MIT",
      "engines": {
        "node": ">=14.0.0"
      }
    },
    "node_modules/strnum": {
      "version": "2.2.2",
      "resolved": "https://registry.npmjs.org/strnum/-/strnum-2.2.2.tgz",
      "integrity": "sha512-DnR90I+jtXNSTXWdwrEy9FakW7UX+qUZg28gj5fk2vxxl7uS/3bpI4fjFYVmdK9etptYBPNkpahuQnEwhwECqA==",
      "funding": [
        {
          "type": "github",
          "url": "https://github.com/sponsors/NaturalIntelligence"
        }
      ],
      "license": "MIT"
    },
    "node_modules/tslib": {
      "version": "2.8.1",
      "resolved": "https://registry.npmjs.org/tslib/-/tslib-2.8.1.tgz",
      "integrity": "sha512-oJFu94HQb+KVduSUQL7wnpmqnfmLsOA/nAh6b6EH0wCEoK0/mPeXU6c3wKDV83MkOuHPRHtSXKKU99IBazS/2w==",
      "license": "0BSD"
    }
  }
}
